{
  "nodes": {
    "nixpkgs": {
      "locked": {
        "lastModified": 1742061022,
        "narHash": "sha256-aMQRmcu60FCIglKO08vkuEiRVGC8zDl0d1ebZf5iAtM=",
        "owner": "NixOS",
        "repo": "nixpkgs",
        "rev": "882b04f6a2ecd33554691ba01aebaf69aa04f888",
        "type": "github"
      },
      "original": {
        "owner": "NixOS",
        "repo": "nixpkgs",
        "type": "github"
      }
    },
    "root": {
      "inputs": {
        "nixpkgs": "nixpkgs"
      }
    }
  },
  "root": "root",
  "version": 7
}
